
Microsoft Visual Studio Solution File, Format Version 12.00
# Visual Studio Version 17
VisualStudioVersion = 17.9.34607.119
MinimumVisualStudioVersion = 10.0.40219.1
Project("{2150E333-8FDC-42A3-9474-1A3956D46DE8}") = "Chapter01", "Chapter01", "{26939B84-4E2C-401C-8555-8DAE8661021E}"
EndProject
Project("{FAE04EC0-301F-11D3-BF4B-00C04F79EFBC}") = "ProductSample", "Chapter01\ProductSample\ProductSample.csproj", "{C3F8117C-7792-4A33-B93C-028B78BA5574}"
EndProject
Project("{FAE04EC0-301F-11D3-BF4B-00C04F79EFBC}") = "Sample_p38", "Chapter01\Sample_p38\Sample_p38.csproj", "{CB69949C-8C2F-41C3-ACA1-465A43DB059D}"
EndProject
Project("{2150E333-8FDC-42A3-9474-1A3956D46DE8}") = "Chapter02", "Chapter02", "{ACDCE019-B08C-49C1-BFBA-A89B0F1A3AB5}"
EndProject
Project("{2150E333-8FDC-42A3-9474-1A3956D46DE8}") = "距離換算プログラム", "距離換算プログラム", "{76E201E0-D4B6-4169-B967-31F434D1D9AC}"
EndProject
Project("{FAE04EC0-301F-11D3-BF4B-00C04F79EFBC}") = "DistanceConverter", "Chapter02\DistanceConverter\DistanceConverter.csproj", "{4D95D509-AADF-4F85-ABFF-07E6643F04BC}"
EndProject
Project("{2150E333-8FDC-42A3-9474-1A3956D46DE8}") = "売上集計プログラム", "売上集計プログラム", "{2F8BF038-C9F1-4CFA-B8EF-5D33F188FF2E}"
EndProject
Project("{FAE04EC0-301F-11D3-BF4B-00C04F79EFBC}") = "SalesCounter", "Chapter02\SalesCounter\SalesCounter.csproj", "{951E5257-9896-4995-AA1C-31278C91C13F}"
EndProject
Project("{2150E333-8FDC-42A3-9474-1A3956D46DE8}") = "＃演習問題", "＃演習問題", "{89C15EC6-D832-4BBB-804C-75200F917023}"
EndProject
Project("{FAE04EC0-301F-11D3-BF4B-00C04F79EFBC}") = "Exercise1", "Chapter02\演習問題\Exercise\Exercise1.csproj", "{094F344F-599A-4571-803F-B22667021DC4}"
EndProject
Project("{FAE04EC0-301F-11D3-BF4B-00C04F79EFBC}") = "Exercise2", "Chapter02\演習問題\Exercise2\Exercise2.csproj", "{89BF8178-FA84-4EDB-B9DE-F7EB24D8C232}"
EndProject
Project("{2150E333-8FDC-42A3-9474-1A3956D46DE8}") = "FormApps", "FormApps", "{2450D4A9-66E1-464D-B728-82AEF3849B25}"
EndProject
Project("{9A19103F-16F7-4668-BE54-9A1E7A4F7556}") = "BallApp", "FormApps\BallApp\BallApp.csproj", "{908C2F74-E7FF-46B2-8EAF-AEF9AA28E3B8}"
EndProject
Project("{2150E333-8FDC-42A3-9474-1A3956D46DE8}") = "Chapter03", "Chapter03", "{17A9845C-2351-44DE-B46E-2B1B5FCA6C37}"
EndProject
Project("{FAE04EC0-301F-11D3-BF4B-00C04F79EFBC}") = "Section01", "Chapter03\Section01\Section01.csproj", "{A249EF96-C105-4A3C-8E7A-83C31E90B3F6}"
EndProject
Project("{2150E333-8FDC-42A3-9474-1A3956D46DE8}") = "演習問題", "演習問題", "{A013EE1C-6024-4670-97CE-45DB3AD8B3B1}"
EndProject
Project("{FAE04EC0-301F-11D3-BF4B-00C04F79EFBC}") = "Exercise01", "Chapter03\演習問題\Exercise01\Exercise01.csproj", "{70EDCCD4-3095-46CB-916E-EB47D93678EE}"
EndProject
Project("{FAE04EC0-301F-11D3-BF4B-00C04F79EFBC}") = "Exercise02", "Chapter03\演習問題\Exercise02\Exercise02.csproj", "{2B6684CD-1725-4EF8-9885-C162EC9387B4}"
EndProject
Project("{2150E333-8FDC-42A3-9474-1A3956D46DE8}") = "Chapter04", "Chapter04", "{6C56438F-95AE-46F2-AD05-8265C5C9E0D0}"
EndProject
Project("{FAE04EC0-301F-11D3-BF4B-00C04F79EFBC}") = "Section01", "Chapter04\Section01\Section01.csproj", "{51A7142C-C5F8-43DC-B41F-2C2C688779BF}"
EndProject
Project("{2150E333-8FDC-42A3-9474-1A3956D46DE8}") = "Chapter05", "Chapter05", "{1EDE4EAD-FA84-4102-9CCB-6D19C6C04EE6}"
EndProject
Project("{2150E333-8FDC-42A3-9474-1A3956D46DE8}") = "演習問題", "演習問題", "{1FA8173D-FD1E-48DB-A3C6-E531ED2A7D5F}"
EndProject
Project("{FAE04EC0-301F-11D3-BF4B-00C04F79EFBC}") = "Exercise01", "Chapter05\演習問題\Exercise01\Exercise01.csproj", "{4B6A3819-9BA1-4D17-B7C7-A3FDB4E8F3C0}"
EndProject
Project("{FAE04EC0-301F-11D3-BF4B-00C04F79EFBC}") = "Exercise02", "Chapter05\演習問題\Exercise02\Exercise02.csproj", "{37739D00-1F03-418F-A575-602BB82CCF24}"
EndProject
Project("{FAE04EC0-301F-11D3-BF4B-00C04F79EFBC}") = "Exercise03", "Chapter05\演習問題\Exercise03\Exercise03.csproj", "{3B6D1F8B-673F-4718-9CD4-34A9315DE937}"
EndProject
Project("{2150E333-8FDC-42A3-9474-1A3956D46DE8}") = "演習問題", "演習問題", "{4741259E-F4E1-48AC-958C-182D3F80E493}"
EndProject
Project("{FAE04EC0-301F-11D3-BF4B-00C04F79EFBC}") = "Exercise01", "Chapter04\演習問題\Exercise01\Exercise01.csproj", "{19C9DC3C-0B28-4D26-8068-BB97E8F880EE}"
EndProject
Project("{FAE04EC0-301F-11D3-BF4B-00C04F79EFBC}") = "Exercise02", "Chapter04\演習問題\Exercise02\Exercise02.csproj", "{2D895BBA-6479-4D02-ACA4-F265A3FE43EB}"
EndProject
Project("{FAE04EC0-301F-11D3-BF4B-00C04F79EFBC}") = "Exercise04", "Chapter05\演習問題\Exercise04\Exercise04.csproj", "{7A0F6D94-E2D2-45DC-B3AD-28FE49C28CAC}"
EndProject
Project("{2150E333-8FDC-42A3-9474-1A3956D46DE8}") = "Chapter07", "Chapter07", "{E661E762-6322-4E2E-B5FE-169267E1CDBF}"
EndProject
Project("{FAE04EC0-301F-11D3-BF4B-00C04F79EFBC}") = "Section01", "Chapter07\Section01\Section01.csproj", "{A19733E6-E4D5-4D16-8AA3-5C61CF7A1272}"
EndProject
Project("{2150E333-8FDC-42A3-9474-1A3956D46DE8}") = "Chapter06", "Chapter06", "{8232E85F-C2B0-4547-AEE2-C84550DF7025}"
EndProject
Project("{2150E333-8FDC-42A3-9474-1A3956D46DE8}") = "演習問題", "演習問題", "{CD194FFE-0B82-43B0-A0FF-45F6CDC7F99A}"
EndProject
Project("{FAE04EC0-301F-11D3-BF4B-00C04F79EFBC}") = "Exercise01", "Chapter06\演習問題\Exercise01\Exercise01.csproj", "{E989DAA4-70DA-4B02-9BBE-5607F8A393AA}"
EndProject
Project("{FAE04EC0-301F-11D3-BF4B-00C04F79EFBC}") = "Exercise02", "Chapter06\演習問題\Exercise02\Exercise02.csproj", "{707A05C0-4366-43CC-AC4C-E519E006E38F}"
EndProject
Project("{FAE04EC0-301F-11D3-BF4B-00C04F79EFBC}") = "Section01", "Chapter06\Section01\Section01.csproj", "{9C21CE1F-6346-424E-B7B8-019625F2C2BB}"
EndProject
Project("{FAE04EC0-301F-11D3-BF4B-00C04F79EFBC}") = "Section02", "Chapter07\Section02\Section02.csproj", "{639C7755-C6BE-4856-9DED-AD1599AA4B3C}"
EndProject
Project("{2150E333-8FDC-42A3-9474-1A3956D46DE8}") = "Test2406", "Test2406", "{52F0C80E-F11B-4BFC-AD19-696765B5D4C5}"
EndProject
Project("{FAE04EC0-301F-11D3-BF4B-00C04F79EFBC}") = "Test01", "TestProject\Test01\Test01.csproj", "{2BFACDC3-F44D-4199-8498-F5C3C4AC0335}"
EndProject
Project("{FAE04EC0-301F-11D3-BF4B-00C04F79EFBC}") = "Test02", "TestProject\Test02\Test02.csproj", "{E461C0A8-8900-485C-B520-E929BA33F712}"
EndProject
Project("{FAE04EC0-301F-11D3-BF4B-00C04F79EFBC}") = "Section03", "Chapter07\Section03\Section03.csproj", "{C6D13EFD-007B-4A23-A2FD-999BCCC203CF}"
EndProject
Project("{FAE04EC0-301F-11D3-BF4B-00C04F79EFBC}") = "Section04", "Chapter07\Section04\Section04.csproj", "{0242BC91-2D77-46A8-8162-135491D1A5CF}"
EndProject
Project("{2150E333-8FDC-42A3-9474-1A3956D46DE8}") = "Chapter08", "Chapter08", "{A989EC8B-77AE-4704-B926-738680F70375}"
EndProject
Project("{FAE04EC0-301F-11D3-BF4B-00C04F79EFBC}") = "Section01", "Chapter08\Section01\Section01.csproj", "{9744BD92-BB7D-41B0-8667-4478F80C6CAD}"
EndProject
Project("{9A19103F-16F7-4668-BE54-9A1E7A4F7556}") = "DateTimeApp", "FormApps\DateTimeApp\DateTimeApp.csproj", "{E3626288-F6F0-4030-AB8E-B324A7E97316}"
EndProject
Project("{2150E333-8FDC-42A3-9474-1A3956D46DE8}") = "演習問題", "演習問題", "{3ED4B932-1B4D-4E2B-8663-20B0A24528AC}"
EndProject
Project("{9A19103F-16F7-4668-BE54-9A1E7A4F7556}") = "Exercise01", "Chapter08\演習問題\Exercise01\Exercise01.csproj", "{4BA0F4A1-24AF-481A-BEBA-D6D5BB05B997}"
EndProject
Project("{9A19103F-16F7-4668-BE54-9A1E7A4F7556}") = "CarReportSystem", "FormApps\CarReportSystem\CarReportSystem.csproj", "{300ACA84-7CF2-4D48-91AA-7456C6BF69FB}"
EndProject
Project("{2150E333-8FDC-42A3-9474-1A3956D46DE8}") = "Chapter11", "Chapter11", "{F63C0028-B73A-4591-9A52-9191EC825279}"
EndProject
Project("{FAE04EC0-301F-11D3-BF4B-00C04F79EFBC}") = "Section01", "Chapter11\Section01\Section01.csproj", "{911C14C9-2067-485C-B13E-F7BDF07108BB}"
EndProject
Project("{2150E333-8FDC-42A3-9474-1A3956D46DE8}") = "演習問題", "演習問題", "{56434EDE-86B3-4ADE-920A-AECBD2B5E599}"
EndProject
Project("{FAE04EC0-301F-11D3-BF4B-00C04F79EFBC}") = "Exercise01", "Chapter11\演習問題\Exercise01\Exercise01.csproj", "{1969A134-06A6-4D42-B8D3-1E1CD5B37762}"
EndProject
Project("{FAE04EC0-301F-11D3-BF4B-00C04F79EFBC}") = "Section02", "Chapter11\Section02\Section02.csproj", "{E01FE3F4-BED3-47E2-AAAC-19B615B1FDE4}"
EndProject
Project("{2150E333-8FDC-42A3-9474-1A3956D46DE8}") = "Chapter12", "Chapter12", "{0005EFB5-125D-4489-A4E7-41DC69E24CF5}"
EndProject
Project("{FAE04EC0-301F-11D3-BF4B-00C04F79EFBC}") = "Section01", "Chapter12\Section01\Section01.csproj", "{28CCB5EB-D5B4-437A-A897-37D546D7BC3E}"
EndProject
Project("{2150E333-8FDC-42A3-9474-1A3956D46DE8}") = "演習問題", "演習問題", "{8DE5DFB9-E4E4-4FB4-A3B6-5AF0427B6A0C}"
EndProject
Project("{FAE04EC0-301F-11D3-BF4B-00C04F79EFBC}") = "Exercise01", "Chapter12\演習問題\Exercise01\Exercise01.csproj", "{082B8BF3-C5A1-4B12-B10B-08B5E36E1808}"
EndProject
Project("{FAE04EC0-301F-11D3-BF4B-00C04F79EFBC}") = "Section02", "Chapter12\Section02\Section02.csproj", "{15B2F48D-24A9-4A41-9D37-9270EFC92750}"
EndProject
Project("{FAE04EC0-301F-11D3-BF4B-00C04F79EFBC}") = "RssReader", "FormApps\RssReader\RssReader.csproj", "{5A9BFBEF-6D8A-4E35-A66A-BCF1B6EB0477}"
EndProject
Project("{2150E333-8FDC-42A3-9474-1A3956D46DE8}") = "Chapter13", "Chapter13", "{C58D2F8A-C821-47DE-9D70-BAEFECFB262B}"
EndProject
Project("{FAE04EC0-301F-11D3-BF4B-00C04F79EFBC}") = "SampleEntityFramwork", "Chapter13\SampleEntityFramwork\SampleEntityFramwork.csproj", "{EF2102A1-2274-4992-9553-963FAEB27BD1}"
EndProject
Project("{FAE04EC0-301F-11D3-BF4B-00C04F79EFBC}") = "ADOSample", "FormApps\ADOSample\ADOSample.csproj", "{967163B5-2E02-4804-A9F6-F32D254A4FAA}"
EndProject
Project("{2150E333-8FDC-42A3-9474-1A3956D46DE8}") = "Chapter15", "Chapter15", "{E86B192C-C391-4F8A-AD38-8AEBB75174F1}"
EndProject
Project("{FAE04EC0-301F-11D3-BF4B-00C04F79EFBC}") = "Section01", "Chapter15\Section01\Section01.csproj", "{2986AB8D-1381-411C-9E00-5E062C3629FA}"
EndProject
Project("{2150E333-8FDC-42A3-9474-1A3956D46DE8}") = "演習問題", "演習問題", "{704907FF-756F-40FD-969F-BA045E606F4C}"
EndProject
Project("{FAE04EC0-301F-11D3-BF4B-00C04F79EFBC}") = "Exercise01", "Chapter15\演習問題\Exercise01\Exercise01.csproj", "{F14979FE-F08D-4975-87DD-A4845AC1D5DB}"
EndProject
Project("{2150E333-8FDC-42A3-9474-1A3956D46DE8}") = "Chapter16", "Chapter16", "{0B23B507-DBE3-4143-8DC9-CEFE229904CF}"
EndProject
Project("{FAE04EC0-301F-11D3-BF4B-00C04F79EFBC}") = "Section03", "Chapter16\Section03\Section03.csproj", "{74303E83-8D0A-4876-9043-6D593EC480E1}"
EndProject
Project("{2150E333-8FDC-42A3-9474-1A3956D46DE8}") = "Chapter17", "Chapter17", "{BF419DD3-E21B-4CA6-8B1E-5902E86EF457}"
EndProject
Project("{FAE04EC0-301F-11D3-BF4B-00C04F79EFBC}") = "Section01", "Chapter17\Section01\Section01.csproj", "{8510E1F7-9BBA-40CE-89E7-FFB1F2B70FF3}"
EndProject
Project("{FAE04EC0-301F-11D3-BF4B-00C04F79EFBC}") = "Section02", "Chapter17\Section02\Section02.csproj", "{09D5FF5D-8838-4110-BCB4-8D2B7DFDD0CF}"
EndProject
Project("{2150E333-8FDC-42A3-9474-1A3956D46DE8}") = "TemplateMethod", "TemplateMethod", "{CF0D5768-AD54-453B-B770-2926AB08A14D}"
EndProject
Project("{FAE04EC0-301F-11D3-BF4B-00C04F79EFBC}") = "TextFileProcessor", "Chapter17\TemplateMethod\TextFileProcessor\TextFileProcessor.csproj", "{C7358FFA-D126-4861-8DDD-3249537AF2CB}"
EndProject
Project("{FAE04EC0-301F-11D3-BF4B-00C04F79EFBC}") = "LineCounter", "Chapter17\TemplateMethod\LineCounter\LineCounter.csproj", "{6F780D9D-3012-4A1D-98B3-89EB1E118578}"
EndProject
Project("{FAE04EC0-301F-11D3-BF4B-00C04F79EFBC}") = "Section04", "Chapter16\Section04\Section04.csproj", "{4C87E06A-570E-4FAE-9116-0EDBB1CF66A7}"
EndProject
Project("{2150E333-8FDC-42A3-9474-1A3956D46DE8}") = "Strategy", "Strategy", "{1FC41747-AA08-4DAA-8DB5-AE0AE8D00A27}"
EndProject
Project("{FAE04EC0-301F-11D3-BF4B-00C04F79EFBC}") = "DistanceConverter", "Chapter17\新しいフォルダー\DistanceConverter\DistanceConverter.csproj", "{67C39D89-FE93-4301-BC95-69C9000CF0C3}"
EndProject
Project("{FAE04EC0-301F-11D3-BF4B-00C04F79EFBC}") = "TextNumberSizeChange", "Chapter17\TemplateMethod\TextNumberSizeChange\TextNumberSizeChange.csproj", "{D40E7EF7-884F-4C15-B417-D34E577AA4AA}"
EndProject
Project("{2150E333-8FDC-42A3-9474-1A3956D46DE8}") = "WPF", "WPF", "{D061BF44-9D2C-496B-8FF6-2C871901B743}"
EndProject
Project("{FAE04EC0-301F-11D3-BF4B-00C04F79EFBC}") = "SampleApplcation", "WPF\SampleApplcation\SampleApplcation.csproj", "{36E30350-CAF9-4E16-97D9-A925DAFBA56A}"
EndProject
Project("{FAE04EC0-301F-11D3-BF4B-00C04F79EFBC}") = "GridSample", "WPF\GridSample\GridSample.csproj", "{0FF75D79-E617-4046-AFD1-96190597BE8B}"
EndProject
Project("{FAE04EC0-301F-11D3-BF4B-00C04F79EFBC}") = "SampleSlider", "WPF\SampleSlider\SampleSlider.csproj", "{018B3846-C9EA-4647-802E-6AF5C335EB96}"
EndProject
Global
	GlobalSection(SolutionConfigurationPlatforms) = preSolution
		Debug|Any CPU = Debug|Any CPU
		Release|Any CPU = Release|Any CPU
	EndGlobalSection
	GlobalSection(ProjectConfigurationPlatforms) = postSolution
		{C3F8117C-7792-4A33-B93C-028B78BA5574}.Debug|Any CPU.ActiveCfg = Debug|Any CPU
		{C3F8117C-7792-4A33-B93C-028B78BA5574}.Debug|Any CPU.Build.0 = Debug|Any CPU
		{C3F8117C-7792-4A33-B93C-028B78BA5574}.Release|Any CPU.ActiveCfg = Release|Any CPU
		{C3F8117C-7792-4A33-B93C-028B78BA5574}.Release|Any CPU.Build.0 = Release|Any CPU
		{CB69949C-8C2F-41C3-ACA1-465A43DB059D}.Debug|Any CPU.ActiveCfg = Debug|Any CPU
		{CB69949C-8C2F-41C3-ACA1-465A43DB059D}.Debug|Any CPU.Build.0 = Debug|Any CPU
		{CB69949C-8C2F-41C3-ACA1-465A43DB059D}.Release|Any CPU.ActiveCfg = Release|Any CPU
		{CB69949C-8C2F-41C3-ACA1-465A43DB059D}.Release|Any CPU.Build.0 = Release|Any CPU
		{4D95D509-AADF-4F85-ABFF-07E6643F04BC}.Debug|Any CPU.ActiveCfg = Debug|Any CPU
		{4D95D509-AADF-4F85-ABFF-07E6643F04BC}.Debug|Any CPU.Build.0 = Debug|Any CPU
		{4D95D509-AADF-4F85-ABFF-07E6643F04BC}.Release|Any CPU.ActiveCfg = Release|Any CPU
		{4D95D509-AADF-4F85-ABFF-07E6643F04BC}.Release|Any CPU.Build.0 = Release|Any CPU
		{951E5257-9896-4995-AA1C-31278C91C13F}.Debug|Any CPU.ActiveCfg = Debug|Any CPU
		{951E5257-9896-4995-AA1C-31278C91C13F}.Debug|Any CPU.Build.0 = Debug|Any CPU
		{951E5257-9896-4995-AA1C-31278C91C13F}.Release|Any CPU.ActiveCfg = Release|Any CPU
		{951E5257-9896-4995-AA1C-31278C91C13F}.Release|Any CPU.Build.0 = Release|Any CPU
		{094F344F-599A-4571-803F-B22667021DC4}.Debug|Any CPU.ActiveCfg = Debug|Any CPU
		{094F344F-599A-4571-803F-B22667021DC4}.Debug|Any CPU.Build.0 = Debug|Any CPU
		{094F344F-599A-4571-803F-B22667021DC4}.Release|Any CPU.ActiveCfg = Release|Any CPU
		{094F344F-599A-4571-803F-B22667021DC4}.Release|Any CPU.Build.0 = Release|Any CPU
		{89BF8178-FA84-4EDB-B9DE-F7EB24D8C232}.Debug|Any CPU.ActiveCfg = Debug|Any CPU
		{89BF8178-FA84-4EDB-B9DE-F7EB24D8C232}.Debug|Any CPU.Build.0 = Debug|Any CPU
		{89BF8178-FA84-4EDB-B9DE-F7EB24D8C232}.Release|Any CPU.ActiveCfg = Release|Any CPU
		{89BF8178-FA84-4EDB-B9DE-F7EB24D8C232}.Release|Any CPU.Build.0 = Release|Any CPU
		{908C2F74-E7FF-46B2-8EAF-AEF9AA28E3B8}.Debug|Any CPU.ActiveCfg = Debug|Any CPU
		{908C2F74-E7FF-46B2-8EAF-AEF9AA28E3B8}.Debug|Any CPU.Build.0 = Debug|Any CPU
		{908C2F74-E7FF-46B2-8EAF-AEF9AA28E3B8}.Release|Any CPU.ActiveCfg = Release|Any CPU
		{908C2F74-E7FF-46B2-8EAF-AEF9AA28E3B8}.Release|Any CPU.Build.0 = Release|Any CPU
		{A249EF96-C105-4A3C-8E7A-83C31E90B3F6}.Debug|Any CPU.ActiveCfg = Debug|Any CPU
		{A249EF96-C105-4A3C-8E7A-83C31E90B3F6}.Debug|Any CPU.Build.0 = Debug|Any CPU
		{A249EF96-C105-4A3C-8E7A-83C31E90B3F6}.Release|Any CPU.ActiveCfg = Release|Any CPU
		{A249EF96-C105-4A3C-8E7A-83C31E90B3F6}.Release|Any CPU.Build.0 = Release|Any CPU
		{70EDCCD4-3095-46CB-916E-EB47D93678EE}.Debug|Any CPU.ActiveCfg = Debug|Any CPU
		{70EDCCD4-3095-46CB-916E-EB47D93678EE}.Debug|Any CPU.Build.0 = Debug|Any CPU
		{70EDCCD4-3095-46CB-916E-EB47D93678EE}.Release|Any CPU.ActiveCfg = Release|Any CPU
		{70EDCCD4-3095-46CB-916E-EB47D93678EE}.Release|Any CPU.Build.0 = Release|Any CPU
		{2B6684CD-1725-4EF8-9885-C162EC9387B4}.Debug|Any CPU.ActiveCfg = Debug|Any CPU
		{2B6684CD-1725-4EF8-9885-C162EC9387B4}.Debug|Any CPU.Build.0 = Debug|Any CPU
		{2B6684CD-1725-4EF8-9885-C162EC9387B4}.Release|Any CPU.ActiveCfg = Release|Any CPU
		{2B6684CD-1725-4EF8-9885-C162EC9387B4}.Release|Any CPU.Build.0 = Release|Any CPU
		{51A7142C-C5F8-43DC-B41F-2C2C688779BF}.Debug|Any CPU.ActiveCfg = Debug|Any CPU
		{51A7142C-C5F8-43DC-B41F-2C2C688779BF}.Debug|Any CPU.Build.0 = Debug|Any CPU
		{51A7142C-C5F8-43DC-B41F-2C2C688779BF}.Release|Any CPU.ActiveCfg = Release|Any CPU
		{51A7142C-C5F8-43DC-B41F-2C2C688779BF}.Release|Any CPU.Build.0 = Release|Any CPU
		{4B6A3819-9BA1-4D17-B7C7-A3FDB4E8F3C0}.Debug|Any CPU.ActiveCfg = Debug|Any CPU
		{4B6A3819-9BA1-4D17-B7C7-A3FDB4E8F3C0}.Debug|Any CPU.Build.0 = Debug|Any CPU
		{4B6A3819-9BA1-4D17-B7C7-A3FDB4E8F3C0}.Release|Any CPU.ActiveCfg = Release|Any CPU
		{4B6A3819-9BA1-4D17-B7C7-A3FDB4E8F3C0}.Release|Any CPU.Build.0 = Release|Any CPU
		{37739D00-1F03-418F-A575-602BB82CCF24}.Debug|Any CPU.ActiveCfg = Debug|Any CPU
		{37739D00-1F03-418F-A575-602BB82CCF24}.Debug|Any CPU.Build.0 = Debug|Any CPU
		{37739D00-1F03-418F-A575-602BB82CCF24}.Release|Any CPU.ActiveCfg = Release|Any CPU
		{37739D00-1F03-418F-A575-602BB82CCF24}.Release|Any CPU.Build.0 = Release|Any CPU
		{3B6D1F8B-673F-4718-9CD4-34A9315DE937}.Debug|Any CPU.ActiveCfg = Debug|Any CPU
		{3B6D1F8B-673F-4718-9CD4-34A9315DE937}.Debug|Any CPU.Build.0 = Debug|Any CPU
		{3B6D1F8B-673F-4718-9CD4-34A9315DE937}.Release|Any CPU.ActiveCfg = Release|Any CPU
		{3B6D1F8B-673F-4718-9CD4-34A9315DE937}.Release|Any CPU.Build.0 = Release|Any CPU
		{19C9DC3C-0B28-4D26-8068-BB97E8F880EE}.Debug|Any CPU.ActiveCfg = Debug|Any CPU
		{19C9DC3C-0B28-4D26-8068-BB97E8F880EE}.Debug|Any CPU.Build.0 = Debug|Any CPU
		{19C9DC3C-0B28-4D26-8068-BB97E8F880EE}.Release|Any CPU.ActiveCfg = Release|Any CPU
		{19C9DC3C-0B28-4D26-8068-BB97E8F880EE}.Release|Any CPU.Build.0 = Release|Any CPU
		{2D895BBA-6479-4D02-ACA4-F265A3FE43EB}.Debug|Any CPU.ActiveCfg = Debug|Any CPU
		{2D895BBA-6479-4D02-ACA4-F265A3FE43EB}.Debug|Any CPU.Build.0 = Debug|Any CPU
		{2D895BBA-6479-4D02-ACA4-F265A3FE43EB}.Release|Any CPU.ActiveCfg = Release|Any CPU
		{2D895BBA-6479-4D02-ACA4-F265A3FE43EB}.Release|Any CPU.Build.0 = Release|Any CPU
		{7A0F6D94-E2D2-45DC-B3AD-28FE49C28CAC}.Debug|Any CPU.ActiveCfg = Debug|Any CPU
		{7A0F6D94-E2D2-45DC-B3AD-28FE49C28CAC}.Debug|Any CPU.Build.0 = Debug|Any CPU
		{7A0F6D94-E2D2-45DC-B3AD-28FE49C28CAC}.Release|Any CPU.ActiveCfg = Release|Any CPU
		{7A0F6D94-E2D2-45DC-B3AD-28FE49C28CAC}.Release|Any CPU.Build.0 = Release|Any CPU
		{A19733E6-E4D5-4D16-8AA3-5C61CF7A1272}.Debug|Any CPU.ActiveCfg = Debug|Any CPU
		{A19733E6-E4D5-4D16-8AA3-5C61CF7A1272}.Debug|Any CPU.Build.0 = Debug|Any CPU
		{A19733E6-E4D5-4D16-8AA3-5C61CF7A1272}.Release|Any CPU.ActiveCfg = Release|Any CPU
		{A19733E6-E4D5-4D16-8AA3-5C61CF7A1272}.Release|Any CPU.Build.0 = Release|Any CPU
		{E989DAA4-70DA-4B02-9BBE-5607F8A393AA}.Debug|Any CPU.ActiveCfg = Debug|Any CPU
		{E989DAA4-70DA-4B02-9BBE-5607F8A393AA}.Debug|Any CPU.Build.0 = Debug|Any CPU
		{E989DAA4-70DA-4B02-9BBE-5607F8A393AA}.Release|Any CPU.ActiveCfg = Release|Any CPU
		{E989DAA4-70DA-4B02-9BBE-5607F8A393AA}.Release|Any CPU.Build.0 = Release|Any CPU
		{707A05C0-4366-43CC-AC4C-E519E006E38F}.Debug|Any CPU.ActiveCfg = Debug|Any CPU
		{707A05C0-4366-43CC-AC4C-E519E006E38F}.Debug|Any CPU.Build.0 = Debug|Any CPU
		{707A05C0-4366-43CC-AC4C-E519E006E38F}.Release|Any CPU.ActiveCfg = Release|Any CPU
		{707A05C0-4366-43CC-AC4C-E519E006E38F}.Release|Any CPU.Build.0 = Release|Any CPU
		{9C21CE1F-6346-424E-B7B8-019625F2C2BB}.Debug|Any CPU.ActiveCfg = Debug|Any CPU
		{9C21CE1F-6346-424E-B7B8-019625F2C2BB}.Debug|Any CPU.Build.0 = Debug|Any CPU
		{9C21CE1F-6346-424E-B7B8-019625F2C2BB}.Release|Any CPU.ActiveCfg = Release|Any CPU
		{9C21CE1F-6346-424E-B7B8-019625F2C2BB}.Release|Any CPU.Build.0 = Release|Any CPU
		{639C7755-C6BE-4856-9DED-AD1599AA4B3C}.Debug|Any CPU.ActiveCfg = Debug|Any CPU
		{639C7755-C6BE-4856-9DED-AD1599AA4B3C}.Debug|Any CPU.Build.0 = Debug|Any CPU
		{639C7755-C6BE-4856-9DED-AD1599AA4B3C}.Release|Any CPU.ActiveCfg = Release|Any CPU
		{639C7755-C6BE-4856-9DED-AD1599AA4B3C}.Release|Any CPU.Build.0 = Release|Any CPU
		{2BFACDC3-F44D-4199-8498-F5C3C4AC0335}.Debug|Any CPU.ActiveCfg = Debug|Any CPU
		{2BFACDC3-F44D-4199-8498-F5C3C4AC0335}.Debug|Any CPU.Build.0 = Debug|Any CPU
		{2BFACDC3-F44D-4199-8498-F5C3C4AC0335}.Release|Any CPU.ActiveCfg = Release|Any CPU
		{2BFACDC3-F44D-4199-8498-F5C3C4AC0335}.Release|Any CPU.Build.0 = Release|Any CPU
		{E461C0A8-8900-485C-B520-E929BA33F712}.Debug|Any CPU.ActiveCfg = Debug|Any CPU
		{E461C0A8-8900-485C-B520-E929BA33F712}.Debug|Any CPU.Build.0 = Debug|Any CPU
		{E461C0A8-8900-485C-B520-E929BA33F712}.Release|Any CPU.ActiveCfg = Release|Any CPU
		{E461C0A8-8900-485C-B520-E929BA33F712}.Release|Any CPU.Build.0 = Release|Any CPU
		{C6D13EFD-007B-4A23-A2FD-999BCCC203CF}.Debug|Any CPU.ActiveCfg = Debug|Any CPU
		{C6D13EFD-007B-4A23-A2FD-999BCCC203CF}.Debug|Any CPU.Build.0 = Debug|Any CPU
		{C6D13EFD-007B-4A23-A2FD-999BCCC203CF}.Release|Any CPU.ActiveCfg = Release|Any CPU
		{C6D13EFD-007B-4A23-A2FD-999BCCC203CF}.Release|Any CPU.Build.0 = Release|Any CPU
		{0242BC91-2D77-46A8-8162-135491D1A5CF}.Debug|Any CPU.ActiveCfg = Debug|Any CPU
		{0242BC91-2D77-46A8-8162-135491D1A5CF}.Debug|Any CPU.Build.0 = Debug|Any CPU
		{0242BC91-2D77-46A8-8162-135491D1A5CF}.Release|Any CPU.ActiveCfg = Release|Any CPU
		{0242BC91-2D77-46A8-8162-135491D1A5CF}.Release|Any CPU.Build.0 = Release|Any CPU
		{9744BD92-BB7D-41B0-8667-4478F80C6CAD}.Debug|Any CPU.ActiveCfg = Debug|Any CPU
		{9744BD92-BB7D-41B0-8667-4478F80C6CAD}.Debug|Any CPU.Build.0 = Debug|Any CPU
		{9744BD92-BB7D-41B0-8667-4478F80C6CAD}.Release|Any CPU.ActiveCfg = Release|Any CPU
		{9744BD92-BB7D-41B0-8667-4478F80C6CAD}.Release|Any CPU.Build.0 = Release|Any CPU
		{E3626288-F6F0-4030-AB8E-B324A7E97316}.Debug|Any CPU.ActiveCfg = Debug|Any CPU
		{E3626288-F6F0-4030-AB8E-B324A7E97316}.Debug|Any CPU.Build.0 = Debug|Any CPU
		{E3626288-F6F0-4030-AB8E-B324A7E97316}.Release|Any CPU.ActiveCfg = Release|Any CPU
		{E3626288-F6F0-4030-AB8E-B324A7E97316}.Release|Any CPU.Build.0 = Release|Any CPU
		{4BA0F4A1-24AF-481A-BEBA-D6D5BB05B997}.Debug|Any CPU.ActiveCfg = Debug|Any CPU
		{4BA0F4A1-24AF-481A-BEBA-D6D5BB05B997}.Debug|Any CPU.Build.0 = Debug|Any CPU
		{4BA0F4A1-24AF-481A-BEBA-D6D5BB05B997}.Release|Any CPU.ActiveCfg = Release|Any CPU
		{4BA0F4A1-24AF-481A-BEBA-D6D5BB05B997}.Release|Any CPU.Build.0 = Release|Any CPU
		{300ACA84-7CF2-4D48-91AA-7456C6BF69FB}.Debug|Any CPU.ActiveCfg = Debug|Any CPU
		{300ACA84-7CF2-4D48-91AA-7456C6BF69FB}.Debug|Any CPU.Build.0 = Debug|Any CPU
		{300ACA84-7CF2-4D48-91AA-7456C6BF69FB}.Release|Any CPU.ActiveCfg = Release|Any CPU
		{300ACA84-7CF2-4D48-91AA-7456C6BF69FB}.Release|Any CPU.Build.0 = Release|Any CPU
		{911C14C9-2067-485C-B13E-F7BDF07108BB}.Debug|Any CPU.ActiveCfg = Debug|Any CPU
		{911C14C9-2067-485C-B13E-F7BDF07108BB}.Debug|Any CPU.Build.0 = Debug|Any CPU
		{911C14C9-2067-485C-B13E-F7BDF07108BB}.Release|Any CPU.ActiveCfg = Release|Any CPU
		{911C14C9-2067-485C-B13E-F7BDF07108BB}.Release|Any CPU.Build.0 = Release|Any CPU
		{1969A134-06A6-4D42-B8D3-1E1CD5B37762}.Debug|Any CPU.ActiveCfg = Debug|Any CPU
		{1969A134-06A6-4D42-B8D3-1E1CD5B37762}.Debug|Any CPU.Build.0 = Debug|Any CPU
		{1969A134-06A6-4D42-B8D3-1E1CD5B37762}.Release|Any CPU.ActiveCfg = Release|Any CPU
		{1969A134-06A6-4D42-B8D3-1E1CD5B37762}.Release|Any CPU.Build.0 = Release|Any CPU
		{E01FE3F4-BED3-47E2-AAAC-19B615B1FDE4}.Debug|Any CPU.ActiveCfg = Debug|Any CPU
		{E01FE3F4-BED3-47E2-AAAC-19B615B1FDE4}.Debug|Any CPU.Build.0 = Debug|Any CPU
		{E01FE3F4-BED3-47E2-AAAC-19B615B1FDE4}.Release|Any CPU.ActiveCfg = Release|Any CPU
		{E01FE3F4-BED3-47E2-AAAC-19B615B1FDE4}.Release|Any CPU.Build.0 = Release|Any CPU
		{28CCB5EB-D5B4-437A-A897-37D546D7BC3E}.Debug|Any CPU.ActiveCfg = Debug|Any CPU
		{28CCB5EB-D5B4-437A-A897-37D546D7BC3E}.Debug|Any CPU.Build.0 = Debug|Any CPU
		{28CCB5EB-D5B4-437A-A897-37D546D7BC3E}.Release|Any CPU.ActiveCfg = Release|Any CPU
		{28CCB5EB-D5B4-437A-A897-37D546D7BC3E}.Release|Any CPU.Build.0 = Release|Any CPU
		{082B8BF3-C5A1-4B12-B10B-08B5E36E1808}.Debug|Any CPU.ActiveCfg = Debug|Any CPU
		{082B8BF3-C5A1-4B12-B10B-08B5E36E1808}.Debug|Any CPU.Build.0 = Debug|Any CPU
		{082B8BF3-C5A1-4B12-B10B-08B5E36E1808}.Release|Any CPU.ActiveCfg = Release|Any CPU
		{082B8BF3-C5A1-4B12-B10B-08B5E36E1808}.Release|Any CPU.Build.0 = Release|Any CPU
		{15B2F48D-24A9-4A41-9D37-9270EFC92750}.Debug|Any CPU.ActiveCfg = Debug|Any CPU
		{15B2F48D-24A9-4A41-9D37-9270EFC92750}.Debug|Any CPU.Build.0 = Debug|Any CPU
		{15B2F48D-24A9-4A41-9D37-9270EFC92750}.Release|Any CPU.ActiveCfg = Release|Any CPU
		{15B2F48D-24A9-4A41-9D37-9270EFC92750}.Release|Any CPU.Build.0 = Release|Any CPU
		{5A9BFBEF-6D8A-4E35-A66A-BCF1B6EB0477}.Debug|Any CPU.ActiveCfg = Debug|Any CPU
		{5A9BFBEF-6D8A-4E35-A66A-BCF1B6EB0477}.Debug|Any CPU.Build.0 = Debug|Any CPU
		{5A9BFBEF-6D8A-4E35-A66A-BCF1B6EB0477}.Release|Any CPU.ActiveCfg = Release|Any CPU
		{5A9BFBEF-6D8A-4E35-A66A-BCF1B6EB0477}.Release|Any CPU.Build.0 = Release|Any CPU
		{EF2102A1-2274-4992-9553-963FAEB27BD1}.Debug|Any CPU.ActiveCfg = Debug|Any CPU
		{EF2102A1-2274-4992-9553-963FAEB27BD1}.Debug|Any CPU.Build.0 = Debug|Any CPU
		{EF2102A1-2274-4992-9553-963FAEB27BD1}.Release|Any CPU.ActiveCfg = Release|Any CPU
		{EF2102A1-2274-4992-9553-963FAEB27BD1}.Release|Any CPU.Build.0 = Release|Any CPU
		{967163B5-2E02-4804-A9F6-F32D254A4FAA}.Debug|Any CPU.ActiveCfg = Debug|Any CPU
		{967163B5-2E02-4804-A9F6-F32D254A4FAA}.Debug|Any CPU.Build.0 = Debug|Any CPU
		{967163B5-2E02-4804-A9F6-F32D254A4FAA}.Release|Any CPU.ActiveCfg = Release|Any CPU
		{967163B5-2E02-4804-A9F6-F32D254A4FAA}.Release|Any CPU.Build.0 = Release|Any CPU
		{2986AB8D-1381-411C-9E00-5E062C3629FA}.Debug|Any CPU.ActiveCfg = Debug|Any CPU
		{2986AB8D-1381-411C-9E00-5E062C3629FA}.Debug|Any CPU.Build.0 = Debug|Any CPU
		{2986AB8D-1381-411C-9E00-5E062C3629FA}.Release|Any CPU.ActiveCfg = Release|Any CPU
		{2986AB8D-1381-411C-9E00-5E062C3629FA}.Release|Any CPU.Build.0 = Release|Any CPU
		{F14979FE-F08D-4975-87DD-A4845AC1D5DB}.Debug|Any CPU.ActiveCfg = Debug|Any CPU
		{F14979FE-F08D-4975-87DD-A4845AC1D5DB}.Debug|Any CPU.Build.0 = Debug|Any CPU
		{F14979FE-F08D-4975-87DD-A4845AC1D5DB}.Release|Any CPU.ActiveCfg = Release|Any CPU
		{F14979FE-F08D-4975-87DD-A4845AC1D5DB}.Release|Any CPU.Build.0 = Release|Any CPU
		{74303E83-8D0A-4876-9043-6D593EC480E1}.Debug|Any CPU.ActiveCfg = Debug|Any CPU
		{74303E83-8D0A-4876-9043-6D593EC480E1}.Debug|Any CPU.Build.0 = Debug|Any CPU
		{74303E83-8D0A-4876-9043-6D593EC480E1}.Release|Any CPU.ActiveCfg = Release|Any CPU
		{74303E83-8D0A-4876-9043-6D593EC480E1}.Release|Any CPU.Build.0 = Release|Any CPU
		{8510E1F7-9BBA-40CE-89E7-FFB1F2B70FF3}.Debug|Any CPU.ActiveCfg = Debug|Any CPU
		{8510E1F7-9BBA-40CE-89E7-FFB1F2B70FF3}.Debug|Any CPU.Build.0 = Debug|Any CPU
		{8510E1F7-9BBA-40CE-89E7-FFB1F2B70FF3}.Release|Any CPU.ActiveCfg = Release|Any CPU
		{8510E1F7-9BBA-40CE-89E7-FFB1F2B70FF3}.Release|Any CPU.Build.0 = Release|Any CPU
		{09D5FF5D-8838-4110-BCB4-8D2B7DFDD0CF}.Debug|Any CPU.ActiveCfg = Debug|Any CPU
		{09D5FF5D-8838-4110-BCB4-8D2B7DFDD0CF}.Debug|Any CPU.Build.0 = Debug|Any CPU
		{09D5FF5D-8838-4110-BCB4-8D2B7DFDD0CF}.Release|Any CPU.ActiveCfg = Release|Any CPU
		{09D5FF5D-8838-4110-BCB4-8D2B7DFDD0CF}.Release|Any CPU.Build.0 = Release|Any CPU
		{C7358FFA-D126-4861-8DDD-3249537AF2CB}.Debug|Any CPU.ActiveCfg = Debug|Any CPU
		{C7358FFA-D126-4861-8DDD-3249537AF2CB}.Debug|Any CPU.Build.0 = Debug|Any CPU
		{C7358FFA-D126-4861-8DDD-3249537AF2CB}.Release|Any CPU.ActiveCfg = Release|Any CPU
		{C7358FFA-D126-4861-8DDD-3249537AF2CB}.Release|Any CPU.Build.0 = Release|Any CPU
		{6F780D9D-3012-4A1D-98B3-89EB1E118578}.Debug|Any CPU.ActiveCfg = Debug|Any CPU
		{6F780D9D-3012-4A1D-98B3-89EB1E118578}.Debug|Any CPU.Build.0 = Debug|Any CPU
		{6F780D9D-3012-4A1D-98B3-89EB1E118578}.Release|Any CPU.ActiveCfg = Release|Any CPU
		{6F780D9D-3012-4A1D-98B3-89EB1E118578}.Release|Any CPU.Build.0 = Release|Any CPU
		{4C87E06A-570E-4FAE-9116-0EDBB1CF66A7}.Debug|Any CPU.ActiveCfg = Debug|Any CPU
		{4C87E06A-570E-4FAE-9116-0EDBB1CF66A7}.Debug|Any CPU.Build.0 = Debug|Any CPU
		{4C87E06A-570E-4FAE-9116-0EDBB1CF66A7}.Release|Any CPU.ActiveCfg = Release|Any CPU
		{4C87E06A-570E-4FAE-9116-0EDBB1CF66A7}.Release|Any CPU.Build.0 = Release|Any CPU
		{67C39D89-FE93-4301-BC95-69C9000CF0C3}.Debug|Any CPU.ActiveCfg = Debug|Any CPU
		{67C39D89-FE93-4301-BC95-69C9000CF0C3}.Debug|Any CPU.Build.0 = Debug|Any CPU
		{67C39D89-FE93-4301-BC95-69C9000CF0C3}.Release|Any CPU.ActiveCfg = Release|Any CPU
		{67C39D89-FE93-4301-BC95-69C9000CF0C3}.Release|Any CPU.Build.0 = Release|Any CPU
		{D40E7EF7-884F-4C15-B417-D34E577AA4AA}.Debug|Any CPU.ActiveCfg = Debug|Any CPU
		{D40E7EF7-884F-4C15-B417-D34E577AA4AA}.Debug|Any CPU.Build.0 = Debug|Any CPU
		{D40E7EF7-884F-4C15-B417-D34E577AA4AA}.Release|Any CPU.ActiveCfg = Release|Any CPU
		{D40E7EF7-884F-4C15-B417-D34E577AA4AA}.Release|Any CPU.Build.0 = Release|Any CPU
		{36E30350-CAF9-4E16-97D9-A925DAFBA56A}.Debug|Any CPU.ActiveCfg = Debug|Any CPU
		{36E30350-CAF9-4E16-97D9-A925DAFBA56A}.Debug|Any CPU.Build.0 = Debug|Any CPU
		{36E30350-CAF9-4E16-97D9-A925DAFBA56A}.Release|Any CPU.ActiveCfg = Release|Any CPU
		{36E30350-CAF9-4E16-97D9-A925DAFBA56A}.Release|Any CPU.Build.0 = Release|Any CPU
		{0FF75D79-E617-4046-AFD1-96190597BE8B}.Debug|Any CPU.ActiveCfg = Debug|Any CPU
		{0FF75D79-E617-4046-AFD1-96190597BE8B}.Debug|Any CPU.Build.0 = Debug|Any CPU
		{0FF75D79-E617-4046-AFD1-96190597BE8B}.Release|Any CPU.ActiveCfg = Release|Any CPU
		{0FF75D79-E617-4046-AFD1-96190597BE8B}.Release|Any CPU.Build.0 = Release|Any CPU
		{018B3846-C9EA-4647-802E-6AF5C335EB96}.Debug|Any CPU.ActiveCfg = Debug|Any CPU
		{018B3846-C9EA-4647-802E-6AF5C335EB96}.Debug|Any CPU.Build.0 = Debug|Any CPU
		{018B3846-C9EA-4647-802E-6AF5C335EB96}.Release|Any CPU.ActiveCfg = Release|Any CPU
		{018B3846-C9EA-4647-802E-6AF5C335EB96}.Release|Any CPU.Build.0 = Release|Any CPU
	EndGlobalSection
	GlobalSection(SolutionProperties) = preSolution
		HideSolutionNode = FALSE
	EndGlobalSection
	GlobalSection(NestedProjects) = preSolution
		{C3F8117C-7792-4A33-B93C-028B78BA5574} = {26939B84-4E2C-401C-8555-8DAE8661021E}
		{CB69949C-8C2F-41C3-ACA1-465A43DB059D} = {26939B84-4E2C-401C-8555-8DAE8661021E}
		{76E201E0-D4B6-4169-B967-31F434D1D9AC} = {ACDCE019-B08C-49C1-BFBA-A89B0F1A3AB5}
		{4D95D509-AADF-4F85-ABFF-07E6643F04BC} = {76E201E0-D4B6-4169-B967-31F434D1D9AC}
		{2F8BF038-C9F1-4CFA-B8EF-5D33F188FF2E} = {ACDCE019-B08C-49C1-BFBA-A89B0F1A3AB5}
		{951E5257-9896-4995-AA1C-31278C91C13F} = {2F8BF038-C9F1-4CFA-B8EF-5D33F188FF2E}
		{89C15EC6-D832-4BBB-804C-75200F917023} = {ACDCE019-B08C-49C1-BFBA-A89B0F1A3AB5}
		{094F344F-599A-4571-803F-B22667021DC4} = {89C15EC6-D832-4BBB-804C-75200F917023}
		{89BF8178-FA84-4EDB-B9DE-F7EB24D8C232} = {89C15EC6-D832-4BBB-804C-75200F917023}
		{908C2F74-E7FF-46B2-8EAF-AEF9AA28E3B8} = {2450D4A9-66E1-464D-B728-82AEF3849B25}
		{A249EF96-C105-4A3C-8E7A-83C31E90B3F6} = {17A9845C-2351-44DE-B46E-2B1B5FCA6C37}
		{A013EE1C-6024-4670-97CE-45DB3AD8B3B1} = {17A9845C-2351-44DE-B46E-2B1B5FCA6C37}
		{70EDCCD4-3095-46CB-916E-EB47D93678EE} = {A013EE1C-6024-4670-97CE-45DB3AD8B3B1}
		{2B6684CD-1725-4EF8-9885-C162EC9387B4} = {A013EE1C-6024-4670-97CE-45DB3AD8B3B1}
		{51A7142C-C5F8-43DC-B41F-2C2C688779BF} = {6C56438F-95AE-46F2-AD05-8265C5C9E0D0}
		{1FA8173D-FD1E-48DB-A3C6-E531ED2A7D5F} = {1EDE4EAD-FA84-4102-9CCB-6D19C6C04EE6}
		{4B6A3819-9BA1-4D17-B7C7-A3FDB4E8F3C0} = {1FA8173D-FD1E-48DB-A3C6-E531ED2A7D5F}
		{37739D00-1F03-418F-A575-602BB82CCF24} = {1FA8173D-FD1E-48DB-A3C6-E531ED2A7D5F}
		{3B6D1F8B-673F-4718-9CD4-34A9315DE937} = {1FA8173D-FD1E-48DB-A3C6-E531ED2A7D5F}
		{4741259E-F4E1-48AC-958C-182D3F80E493} = {6C56438F-95AE-46F2-AD05-8265C5C9E0D0}
		{19C9DC3C-0B28-4D26-8068-BB97E8F880EE} = {4741259E-F4E1-48AC-958C-182D3F80E493}
		{2D895BBA-6479-4D02-ACA4-F265A3FE43EB} = {4741259E-F4E1-48AC-958C-182D3F80E493}
		{7A0F6D94-E2D2-45DC-B3AD-28FE49C28CAC} = {1FA8173D-FD1E-48DB-A3C6-E531ED2A7D5F}
		{A19733E6-E4D5-4D16-8AA3-5C61CF7A1272} = {E661E762-6322-4E2E-B5FE-169267E1CDBF}
		{CD194FFE-0B82-43B0-A0FF-45F6CDC7F99A} = {8232E85F-C2B0-4547-AEE2-C84550DF7025}
		{E989DAA4-70DA-4B02-9BBE-5607F8A393AA} = {CD194FFE-0B82-43B0-A0FF-45F6CDC7F99A}
		{707A05C0-4366-43CC-AC4C-E519E006E38F} = {CD194FFE-0B82-43B0-A0FF-45F6CDC7F99A}
		{9C21CE1F-6346-424E-B7B8-019625F2C2BB} = {8232E85F-C2B0-4547-AEE2-C84550DF7025}
		{639C7755-C6BE-4856-9DED-AD1599AA4B3C} = {E661E762-6322-4E2E-B5FE-169267E1CDBF}
		{2BFACDC3-F44D-4199-8498-F5C3C4AC0335} = {52F0C80E-F11B-4BFC-AD19-696765B5D4C5}
		{E461C0A8-8900-485C-B520-E929BA33F712} = {52F0C80E-F11B-4BFC-AD19-696765B5D4C5}
		{C6D13EFD-007B-4A23-A2FD-999BCCC203CF} = {E661E762-6322-4E2E-B5FE-169267E1CDBF}
		{0242BC91-2D77-46A8-8162-135491D1A5CF} = {E661E762-6322-4E2E-B5FE-169267E1CDBF}
		{A989EC8B-77AE-4704-B926-738680F70375} = {E86B192C-C391-4F8A-AD38-8AEBB75174F1}
		{9744BD92-BB7D-41B0-8667-4478F80C6CAD} = {A989EC8B-77AE-4704-B926-738680F70375}
		{E3626288-F6F0-4030-AB8E-B324A7E97316} = {2450D4A9-66E1-464D-B728-82AEF3849B25}
		{3ED4B932-1B4D-4E2B-8663-20B0A24528AC} = {A989EC8B-77AE-4704-B926-738680F70375}
		{4BA0F4A1-24AF-481A-BEBA-D6D5BB05B997} = {3ED4B932-1B4D-4E2B-8663-20B0A24528AC}
		{300ACA84-7CF2-4D48-91AA-7456C6BF69FB} = {2450D4A9-66E1-464D-B728-82AEF3849B25}
		{911C14C9-2067-485C-B13E-F7BDF07108BB} = {F63C0028-B73A-4591-9A52-9191EC825279}
		{56434EDE-86B3-4ADE-920A-AECBD2B5E599} = {F63C0028-B73A-4591-9A52-9191EC825279}
		{1969A134-06A6-4D42-B8D3-1E1CD5B37762} = {56434EDE-86B3-4ADE-920A-AECBD2B5E599}
		{E01FE3F4-BED3-47E2-AAAC-19B615B1FDE4} = {F63C0028-B73A-4591-9A52-9191EC825279}
		{28CCB5EB-D5B4-437A-A897-37D546D7BC3E} = {0005EFB5-125D-4489-A4E7-41DC69E24CF5}
		{8DE5DFB9-E4E4-4FB4-A3B6-5AF0427B6A0C} = {0005EFB5-125D-4489-A4E7-41DC69E24CF5}
		{082B8BF3-C5A1-4B12-B10B-08B5E36E1808} = {8DE5DFB9-E4E4-4FB4-A3B6-5AF0427B6A0C}
		{15B2F48D-24A9-4A41-9D37-9270EFC92750} = {0005EFB5-125D-4489-A4E7-41DC69E24CF5}
		{5A9BFBEF-6D8A-4E35-A66A-BCF1B6EB0477} = {2450D4A9-66E1-464D-B728-82AEF3849B25}
		{EF2102A1-2274-4992-9553-963FAEB27BD1} = {C58D2F8A-C821-47DE-9D70-BAEFECFB262B}
		{967163B5-2E02-4804-A9F6-F32D254A4FAA} = {2450D4A9-66E1-464D-B728-82AEF3849B25}
		{2986AB8D-1381-411C-9E00-5E062C3629FA} = {E86B192C-C391-4F8A-AD38-8AEBB75174F1}
		{704907FF-756F-40FD-969F-BA045E606F4C} = {E86B192C-C391-4F8A-AD38-8AEBB75174F1}
		{F14979FE-F08D-4975-87DD-A4845AC1D5DB} = {704907FF-756F-40FD-969F-BA045E606F4C}
		{74303E83-8D0A-4876-9043-6D593EC480E1} = {0B23B507-DBE3-4143-8DC9-CEFE229904CF}
		{8510E1F7-9BBA-40CE-89E7-FFB1F2B70FF3} = {BF419DD3-E21B-4CA6-8B1E-5902E86EF457}
		{09D5FF5D-8838-4110-BCB4-8D2B7DFDD0CF} = {BF419DD3-E21B-4CA6-8B1E-5902E86EF457}
		{CF0D5768-AD54-453B-B770-2926AB08A14D} = {BF419DD3-E21B-4CA6-8B1E-5902E86EF457}
		{C7358FFA-D126-4861-8DDD-3249537AF2CB} = {CF0D5768-AD54-453B-B770-2926AB08A14D}
		{6F780D9D-3012-4A1D-98B3-89EB1E118578} = {CF0D5768-AD54-453B-B770-2926AB08A14D}
		{4C87E06A-570E-4FAE-9116-0EDBB1CF66A7} = {0B23B507-DBE3-4143-8DC9-CEFE229904CF}
		{1FC41747-AA08-4DAA-8DB5-AE0AE8D00A27} = {BF419DD3-E21B-4CA6-8B1E-5902E86EF457}
		{67C39D89-FE93-4301-BC95-69C9000CF0C3} = {1FC41747-AA08-4DAA-8DB5-AE0AE8D00A27}
		{D40E7EF7-884F-4C15-B417-D34E577AA4AA} = {CF0D5768-AD54-453B-B770-2926AB08A14D}
		{36E30350-CAF9-4E16-97D9-A925DAFBA56A} = {D061BF44-9D2C-496B-8FF6-2C871901B743}
		{0FF75D79-E617-4046-AFD1-96190597BE8B} = {D061BF44-9D2C-496B-8FF6-2C871901B743}
		{018B3846-C9EA-4647-802E-6AF5C335EB96} = {D061BF44-9D2C-496B-8FF6-2C871901B743}
	EndGlobalSection
	GlobalSection(ExtensibilityGlobals) = postSolution
		SolutionGuid = {BCA2272A-D033-4442-A2F3-ECB1719E04F6}
	EndGlobalSection
EndGlobal
