
Microsoft Visual Studio Solution File, Format Version 12.00
# Visual Studio Version 17
VisualStudioVersion = 17.9.34607.119
MinimumVisualStudioVersion = 10.0.40219.1
Project("{2150E333-8FDC-42A3-9474-1A3956D46DE8}") = "Chapter01", "Chapter01", "{26939B84-4E2C-401C-8555-8DAE8661021E}"
EndProject
Project("{FAE04EC0-301F-11D3-BF4B-00C04F79EFBC}") = "ProductSample", "Chapter01\ProductSample\ProductSample.csproj", "{C3F8117C-7792-4A33-B93C-028B78BA5574}"
EndProject
Project("{FAE04EC0-301F-11D3-BF4B-00C04F79EFBC}") = "Sample_p38", "Chapter01\Sample_p38\Sample_p38.csproj", "{CB69949C-8C2F-41C3-ACA1-465A43DB059D}"
EndProject
Project("{2150E333-8FDC-42A3-9474-1A3956D46DE8}") = "Chapter02", "Chapter02", "{ACDCE019-B08C-49C1-BFBA-A89B0F1A3AB5}"
EndProject
Project("{2150E333-8FDC-42A3-9474-1A3956D46DE8}") = "距離換算プログラム", "距離換算プログラム", "{76E201E0-D4B6-4169-B967-31F434D1D9AC}"
EndProject
Project("{FAE04EC0-301F-11D3-BF4B-00C04F79EFBC}") = "DistanceConverter", "Chapter02\DistanceConverter\DistanceConverter.csproj", "{4D95D509-AADF-4F85-ABFF-07E6643F04BC}"
EndProject
Project("{2150E333-8FDC-42A3-9474-1A3956D46DE8}") = "売上集計プログラム", "売上集計プログラム", "{2F8BF038-C9F1-4CFA-B8EF-5D33F188FF2E}"
EndProject
Project("{FAE04EC0-301F-11D3-BF4B-00C04F79EFBC}") = "SalesCounter", "Chapter02\SalesCounter\SalesCounter.csproj", "{951E5257-9896-4995-AA1C-31278C91C13F}"
EndProject
Project("{2150E333-8FDC-42A3-9474-1A3956D46DE8}") = "＃演習問題", "＃演習問題", "{89C15EC6-D832-4BBB-804C-75200F917023}"
EndProject
Project("{FAE04EC0-301F-11D3-BF4B-00C04F79EFBC}") = "Exercise1", "Chapter02\演習問題\Exercise\Exercise1.csproj", "{094F344F-599A-4571-803F-B22667021DC4}"
EndProject
Project("{FAE04EC0-301F-11D3-BF4B-00C04F79EFBC}") = "Exercise2", "Chapter02\演習問題\Exercise2\Exercise2.csproj", "{89BF8178-FA84-4EDB-B9DE-F7EB24D8C232}"
EndProject
Project("{2150E333-8FDC-42A3-9474-1A3956D46DE8}") = "FormApps", "FormApps", "{2450D4A9-66E1-464D-B728-82AEF3849B25}"
EndProject
Project("{9A19103F-16F7-4668-BE54-9A1E7A4F7556}") = "BallApp", "FormApps\BallApp\BallApp.csproj", "{908C2F74-E7FF-46B2-8EAF-AEF9AA28E3B8}"
EndProject
Project("{2150E333-8FDC-42A3-9474-1A3956D46DE8}") = "Chapter03", "Chapter03", "{17A9845C-2351-44DE-B46E-2B1B5FCA6C37}"
EndProject
Project("{FAE04EC0-301F-11D3-BF4B-00C04F79EFBC}") = "Section01", "Chapter03\Section01\Section01.csproj", "{A249EF96-C105-4A3C-8E7A-83C31E90B3F6}"
EndProject
Global
	GlobalSection(SolutionConfigurationPlatforms) = preSolution
		Debug|Any CPU = Debug|Any CPU
		Release|Any CPU = Release|Any CPU
	EndGlobalSection
	GlobalSection(ProjectConfigurationPlatforms) = postSolution
		{C3F8117C-7792-4A33-B93C-028B78BA5574}.Debug|Any CPU.ActiveCfg = Debug|Any CPU
		{C3F8117C-7792-4A33-B93C-028B78BA5574}.Debug|Any CPU.Build.0 = Debug|Any CPU
		{C3F8117C-7792-4A33-B93C-028B78BA5574}.Release|Any CPU.ActiveCfg = Release|Any CPU
		{C3F8117C-7792-4A33-B93C-028B78BA5574}.Release|Any CPU.Build.0 = Release|Any CPU
		{CB69949C-8C2F-41C3-ACA1-465A43DB059D}.Debug|Any CPU.ActiveCfg = Debug|Any CPU
		{CB69949C-8C2F-41C3-ACA1-465A43DB059D}.Debug|Any CPU.Build.0 = Debug|Any CPU
		{CB69949C-8C2F-41C3-ACA1-465A43DB059D}.Release|Any CPU.ActiveCfg = Release|Any CPU
		{CB69949C-8C2F-41C3-ACA1-465A43DB059D}.Release|Any CPU.Build.0 = Release|Any CPU
		{4D95D509-AADF-4F85-ABFF-07E6643F04BC}.Debug|Any CPU.ActiveCfg = Debug|Any CPU
		{4D95D509-AADF-4F85-ABFF-07E6643F04BC}.Debug|Any CPU.Build.0 = Debug|Any CPU
		{4D95D509-AADF-4F85-ABFF-07E6643F04BC}.Release|Any CPU.ActiveCfg = Release|Any CPU
		{4D95D509-AADF-4F85-ABFF-07E6643F04BC}.Release|Any CPU.Build.0 = Release|Any CPU
		{951E5257-9896-4995-AA1C-31278C91C13F}.Debug|Any CPU.ActiveCfg = Debug|Any CPU
		{951E5257-9896-4995-AA1C-31278C91C13F}.Debug|Any CPU.Build.0 = Debug|Any CPU
		{951E5257-9896-4995-AA1C-31278C91C13F}.Release|Any CPU.ActiveCfg = Release|Any CPU
		{951E5257-9896-4995-AA1C-31278C91C13F}.Release|Any CPU.Build.0 = Release|Any CPU
		{094F344F-599A-4571-803F-B22667021DC4}.Debug|Any CPU.ActiveCfg = Debug|Any CPU
		{094F344F-599A-4571-803F-B22667021DC4}.Debug|Any CPU.Build.0 = Debug|Any CPU
		{094F344F-599A-4571-803F-B22667021DC4}.Release|Any CPU.ActiveCfg = Release|Any CPU
		{094F344F-599A-4571-803F-B22667021DC4}.Release|Any CPU.Build.0 = Release|Any CPU
		{89BF8178-FA84-4EDB-B9DE-F7EB24D8C232}.Debug|Any CPU.ActiveCfg = Debug|Any CPU
		{89BF8178-FA84-4EDB-B9DE-F7EB24D8C232}.Debug|Any CPU.Build.0 = Debug|Any CPU
		{89BF8178-FA84-4EDB-B9DE-F7EB24D8C232}.Release|Any CPU.ActiveCfg = Release|Any CPU
		{89BF8178-FA84-4EDB-B9DE-F7EB24D8C232}.Release|Any CPU.Build.0 = Release|Any CPU
		{908C2F74-E7FF-46B2-8EAF-AEF9AA28E3B8}.Debug|Any CPU.ActiveCfg = Debug|Any CPU
		{908C2F74-E7FF-46B2-8EAF-AEF9AA28E3B8}.Debug|Any CPU.Build.0 = Debug|Any CPU
		{908C2F74-E7FF-46B2-8EAF-AEF9AA28E3B8}.Release|Any CPU.ActiveCfg = Release|Any CPU
		{908C2F74-E7FF-46B2-8EAF-AEF9AA28E3B8}.Release|Any CPU.Build.0 = Release|Any CPU
		{A249EF96-C105-4A3C-8E7A-83C31E90B3F6}.Debug|Any CPU.ActiveCfg = Debug|Any CPU
		{A249EF96-C105-4A3C-8E7A-83C31E90B3F6}.Debug|Any CPU.Build.0 = Debug|Any CPU
		{A249EF96-C105-4A3C-8E7A-83C31E90B3F6}.Release|Any CPU.ActiveCfg = Release|Any CPU
		{A249EF96-C105-4A3C-8E7A-83C31E90B3F6}.Release|Any CPU.Build.0 = Release|Any CPU
	EndGlobalSection
	GlobalSection(SolutionProperties) = preSolution
		HideSolutionNode = FALSE
	EndGlobalSection
	GlobalSection(NestedProjects) = preSolution
		{C3F8117C-7792-4A33-B93C-028B78BA5574} = {26939B84-4E2C-401C-8555-8DAE8661021E}
		{CB69949C-8C2F-41C3-ACA1-465A43DB059D} = {26939B84-4E2C-401C-8555-8DAE8661021E}
		{76E201E0-D4B6-4169-B967-31F434D1D9AC} = {ACDCE019-B08C-49C1-BFBA-A89B0F1A3AB5}
		{4D95D509-AADF-4F85-ABFF-07E6643F04BC} = {76E201E0-D4B6-4169-B967-31F434D1D9AC}
		{2F8BF038-C9F1-4CFA-B8EF-5D33F188FF2E} = {ACDCE019-B08C-49C1-BFBA-A89B0F1A3AB5}
		{951E5257-9896-4995-AA1C-31278C91C13F} = {2F8BF038-C9F1-4CFA-B8EF-5D33F188FF2E}
		{89C15EC6-D832-4BBB-804C-75200F917023} = {ACDCE019-B08C-49C1-BFBA-A89B0F1A3AB5}
		{094F344F-599A-4571-803F-B22667021DC4} = {89C15EC6-D832-4BBB-804C-75200F917023}
		{89BF8178-FA84-4EDB-B9DE-F7EB24D8C232} = {89C15EC6-D832-4BBB-804C-75200F917023}
		{908C2F74-E7FF-46B2-8EAF-AEF9AA28E3B8} = {2450D4A9-66E1-464D-B728-82AEF3849B25}
		{A249EF96-C105-4A3C-8E7A-83C31E90B3F6} = {17A9845C-2351-44DE-B46E-2B1B5FCA6C37}
	EndGlobalSection
	GlobalSection(ExtensibilityGlobals) = postSolution
		SolutionGuid = {BCA2272A-D033-4442-A2F3-ECB1719E04F6}
	EndGlobalSection
EndGlobal
